// !$*UTF8*$!
{
	archiveVersion = 1;
	classes = {
	};
	objectVersion = 51;
	objects = {

/* Begin PBXBuildFile section */
		471E557623847F6500AB6A95 /* PersistanceManager.swift in Sources */ = {isa = PBXBuildFile; fileRef = 471E557523847F6500AB6A95 /* PersistanceManager.swift */; };
		471E55B52384BB9700AB6A95 /* tessdata in Resources */ = {isa = PBXBuildFile; fileRef = 471E55B42384BB9700AB6A95 /* tessdata */; };
		471E55B72384BC6E00AB6A95 /* ContentView.swift in Sources */ = {isa = PBXBuildFile; fileRef = 471E55B62384BC6E00AB6A95 /* ContentView.swift */; };
		4750E33823845FE700438805 /* AppDelegate.swift in Sources */ = {isa = PBXBuildFile; fileRef = 4750E33723845FE700438805 /* AppDelegate.swift */; };
		4750E33A23845FE700438805 /* SceneDelegate.swift in Sources */ = {isa = PBXBuildFile; fileRef = 4750E33923845FE700438805 /* SceneDelegate.swift */; };
		4750E34223845FE700438805 /* Myanmar_Lens.xcdatamodeld in Sources */ = {isa = PBXBuildFile; fileRef = 4750E34023845FE700438805 /* Myanmar_Lens.xcdatamodeld */; };
		4750E34423845FEA00438805 /* Assets.xcassets in Resources */ = {isa = PBXBuildFile; fileRef = 4750E34323845FEA00438805 /* Assets.xcassets */; };
		4750E34723845FEA00438805 /* LaunchScreen.storyboard in Resources */ = {isa = PBXBuildFile; fileRef = 4750E34523845FEA00438805 /* LaunchScreen.storyboard */; };
		4750E35223845FEA00438805 /* Myanmar_LensTests.swift in Sources */ = {isa = PBXBuildFile; fileRef = 4750E35123845FEA00438805 /* Myanmar_LensTests.swift */; };
		4750E35D23845FEA00438805 /* Myanmar_LensUITests.swift in Sources */ = {isa = PBXBuildFile; fileRef = 4750E35C23845FEA00438805 /* Myanmar_LensUITests.swift */; };
		4750E3732384657200438805 /* MyMemoryTranslator.swift in Sources */ = {isa = PBXBuildFile; fileRef = 4750E3722384657200438805 /* MyMemoryTranslator.swift */; };
		4750E375238465CD00438805 /* Extensions.swift in Sources */ = {isa = PBXBuildFile; fileRef = 4750E374238465CD00438805 /* Extensions.swift */; };
		4750E3782384660000438805 /* TextCorrector.swift in Sources */ = {isa = PBXBuildFile; fileRef = 4750E3762384660000438805 /* TextCorrector.swift */; };
		4750E3792384660000438805 /* TextCorrect.json in Resources */ = {isa = PBXBuildFile; fileRef = 4750E3772384660000438805 /* TextCorrect.json */; };
		4750E37B2384660C00438805 /* RegexParser.swift in Sources */ = {isa = PBXBuildFile; fileRef = 4750E37A2384660C00438805 /* RegexParser.swift */; };
		4750E37D2384689A00438805 /* MyanmarLensController.swift in Sources */ = {isa = PBXBuildFile; fileRef = 4750E37C2384689A00438805 /* MyanmarLensController.swift */; };
		47E72C8B23893292008210AF /* Language.swift in Sources */ = {isa = PBXBuildFile; fileRef = 47E72C8A23893292008210AF /* Language.swift */; };
		47E72C8D23893DEA008210AF /* MyanmaLensManager.swift in Sources */ = {isa = PBXBuildFile; fileRef = 47E72C8C23893DEA008210AF /* MyanmaLensManager.swift */; };
		47E72C8F23895A51008210AF /* SoundManager.swift in Sources */ = {isa = PBXBuildFile; fileRef = 47E72C8E23895A51008210AF /* SoundManager.swift */; };
		47E72C9123895C99008210AF /* PaddingLabel.swift in Sources */ = {isa = PBXBuildFile; fileRef = 47E72C9023895C99008210AF /* PaddingLabel.swift */; };
		47E72C932389612C008210AF /* NanKhone Web Pro.ttf in Resources */ = {isa = PBXBuildFile; fileRef = 47E72C922389612C008210AF /* NanKhone Web Pro.ttf */; };
		47FBB2C623855B87007E2645 /* MyanmarLensView.swift in Sources */ = {isa = PBXBuildFile; fileRef = 47FBB2C523855B87007E2645 /* MyanmarLensView.swift */; };
		C0F911258808621C5FDD59BC /* Pods_Myanmar_LensUITests.framework in Frameworks */ = {isa = PBXBuildFile; fileRef = 8669784314B53BD94C28DE0C /* Pods_Myanmar_LensUITests.framework */; };
		C7C7ACD29D5851286ED6B125 /* Pods_Myanmar_LensTests.framework in Frameworks */ = {isa = PBXBuildFile; fileRef = 3DC35B9A3B68F296D815EC53 /* Pods_Myanmar_LensTests.framework */; };
		E76431D774C884034BA997DC /* Pods_Myanmar_Lens.framework in Frameworks */ = {isa = PBXBuildFile; fileRef = 737182E6736939A65D40D658 /* Pods_Myanmar_Lens.framework */; };
/* End PBXBuildFile section */

/* Begin PBXContainerItemProxy section */
		4750E34E23845FEA00438805 /* PBXContainerItemProxy */ = {
			isa = PBXContainerItemProxy;
			containerPortal = 4750E32C23845FE700438805 /* Project object */;
			proxyType = 1;
			remoteGlobalIDString = 4750E33323845FE700438805;
			remoteInfo = "Myanmar Lens";
		};
		4750E35923845FEA00438805 /* PBXContainerItemProxy */ = {
			isa = PBXContainerItemProxy;
			containerPortal = 4750E32C23845FE700438805 /* Project object */;
			proxyType = 1;
			remoteGlobalIDString = 4750E33323845FE700438805;
			remoteInfo = "Myanmar Lens";
		};
/* End PBXContainerItemProxy section */

/* Begin PBXFileReference section */
		040DF5B6FF4D0D114A2A4548 /* Pods-Myanmar Lens.release.xcconfig */ = {isa = PBXFileReference; includeInIndex = 1; lastKnownFileType = text.xcconfig; name = "Pods-Myanmar Lens.release.xcconfig"; path = "Target Support Files/Pods-Myanmar Lens/Pods-Myanmar Lens.release.xcconfig"; sourceTree = "<group>"; };
		20565B653A3F1401DA2AB500 /* Pods-Myanmar LensTests.debug.xcconfig */ = {isa = PBXFileReference; includeInIndex = 1; lastKnownFileType = text.xcconfig; name = "Pods-Myanmar LensTests.debug.xcconfig"; path = "Target Support Files/Pods-Myanmar LensTests/Pods-Myanmar LensTests.debug.xcconfig"; sourceTree = "<group>"; };
		3DC35B9A3B68F296D815EC53 /* Pods_Myanmar_LensTests.framework */ = {isa = PBXFileReference; explicitFileType = wrapper.framework; includeInIndex = 0; path = Pods_Myanmar_LensTests.framework; sourceTree = BUILT_PRODUCTS_DIR; };
		471E557523847F6500AB6A95 /* PersistanceManager.swift */ = {isa = PBXFileReference; fileEncoding = 4; lastKnownFileType = sourcecode.swift; path = PersistanceManager.swift; sourceTree = "<group>"; };
		471E55B42384BB9700AB6A95 /* tessdata */ = {isa = PBXFileReference; fileEncoding = 4; lastKnownFileType = text; path = tessdata; sourceTree = SOURCE_ROOT; };
		471E55B62384BC6E00AB6A95 /* ContentView.swift */ = {isa = PBXFileReference; lastKnownFileType = sourcecode.swift; path = ContentView.swift; sourceTree = "<group>"; };
		4750E33423845FE700438805 /* Myanmar Lens.app */ = {isa = PBXFileReference; explicitFileType = wrapper.application; includeInIndex = 0; path = "Myanmar Lens.app"; sourceTree = BUILT_PRODUCTS_DIR; };
		4750E33723845FE700438805 /* AppDelegate.swift */ = {isa = PBXFileReference; lastKnownFileType = sourcecode.swift; path = AppDelegate.swift; sourceTree = "<group>"; };
		4750E33923845FE700438805 /* SceneDelegate.swift */ = {isa = PBXFileReference; lastKnownFileType = sourcecode.swift; path = SceneDelegate.swift; sourceTree = "<group>"; };
		4750E34123845FE700438805 /* Myanmar_Lens.xcdatamodel */ = {isa = PBXFileReference; lastKnownFileType = wrapper.xcdatamodel; path = Myanmar_Lens.xcdatamodel; sourceTree = "<group>"; };
		4750E34323845FEA00438805 /* Assets.xcassets */ = {isa = PBXFileReference; lastKnownFileType = folder.assetcatalog; path = Assets.xcassets; sourceTree = "<group>"; };
		4750E34623845FEA00438805 /* Base */ = {isa = PBXFileReference; lastKnownFileType = file.storyboard; name = Base; path = Base.lproj/LaunchScreen.storyboard; sourceTree = "<group>"; };
		4750E34823845FEA00438805 /* Info.plist */ = {isa = PBXFileReference; lastKnownFileType = text.plist.xml; path = Info.plist; sourceTree = "<group>"; };
		4750E34D23845FEA00438805 /* Myanmar LensTests.xctest */ = {isa = PBXFileReference; explicitFileType = wrapper.cfbundle; includeInIndex = 0; path = "Myanmar LensTests.xctest"; sourceTree = BUILT_PRODUCTS_DIR; };
		4750E35123845FEA00438805 /* Myanmar_LensTests.swift */ = {isa = PBXFileReference; lastKnownFileType = sourcecode.swift; path = Myanmar_LensTests.swift; sourceTree = "<group>"; };
		4750E35323845FEA00438805 /* Info.plist */ = {isa = PBXFileReference; lastKnownFileType = text.plist.xml; path = Info.plist; sourceTree = "<group>"; };
		4750E35823845FEA00438805 /* Myanmar LensUITests.xctest */ = {isa = PBXFileReference; explicitFileType = wrapper.cfbundle; includeInIndex = 0; path = "Myanmar LensUITests.xctest"; sourceTree = BUILT_PRODUCTS_DIR; };
		4750E35C23845FEA00438805 /* Myanmar_LensUITests.swift */ = {isa = PBXFileReference; lastKnownFileType = sourcecode.swift; path = Myanmar_LensUITests.swift; sourceTree = "<group>"; };
		4750E35E23845FEA00438805 /* Info.plist */ = {isa = PBXFileReference; lastKnownFileType = text.plist.xml; path = Info.plist; sourceTree = "<group>"; };
		4750E3722384657200438805 /* MyMemoryTranslator.swift */ = {isa = PBXFileReference; fileEncoding = 4; lastKnownFileType = sourcecode.swift; path = MyMemoryTranslator.swift; sourceTree = "<group>"; };
		4750E374238465CD00438805 /* Extensions.swift */ = {isa = PBXFileReference; lastKnownFileType = sourcecode.swift; path = Extensions.swift; sourceTree = "<group>"; };
		4750E3762384660000438805 /* TextCorrector.swift */ = {isa = PBXFileReference; fileEncoding = 4; lastKnownFileType = sourcecode.swift; path = TextCorrector.swift; sourceTree = "<group>"; };
		4750E3772384660000438805 /* TextCorrect.json */ = {isa = PBXFileReference; fileEncoding = 4; lastKnownFileType = text.json; path = TextCorrect.json; sourceTree = "<group>"; };
		4750E37A2384660C00438805 /* RegexParser.swift */ = {isa = PBXFileReference; fileEncoding = 4; lastKnownFileType = sourcecode.swift; path = RegexParser.swift; sourceTree = "<group>"; };
		4750E37C2384689A00438805 /* MyanmarLensController.swift */ = {isa = PBXFileReference; lastKnownFileType = sourcecode.swift; path = MyanmarLensController.swift; sourceTree = "<group>"; };
		47E72C8A23893292008210AF /* Language.swift */ = {isa = PBXFileReference; lastKnownFileType = sourcecode.swift; path = Language.swift; sourceTree = "<group>"; };
		47E72C8C23893DEA008210AF /* MyanmaLensManager.swift */ = {isa = PBXFileReference; lastKnownFileType = sourcecode.swift; path = MyanmaLensManager.swift; sourceTree = "<group>"; };
		47E72C8E23895A51008210AF /* SoundManager.swift */ = {isa = PBXFileReference; lastKnownFileType = sourcecode.swift; path = SoundManager.swift; sourceTree = "<group>"; };
		47E72C9023895C99008210AF /* PaddingLabel.swift */ = {isa = PBXFileReference; lastKnownFileType = sourcecode.swift; path = PaddingLabel.swift; sourceTree = "<group>"; };
		47E72C922389612C008210AF /* NanKhone Web Pro.ttf */ = {isa = PBXFileReference; lastKnownFileType = file; path = "NanKhone Web Pro.ttf"; sourceTree = "<group>"; };
		47FBB2C523855B87007E2645 /* MyanmarLensView.swift */ = {isa = PBXFileReference; lastKnownFileType = sourcecode.swift; path = MyanmarLensView.swift; sourceTree = "<group>"; };
		4F7FEBAFDF5FF466ABC49884 /* Pods-Myanmar LensTests.release.xcconfig */ = {isa = PBXFileReference; includeInIndex = 1; lastKnownFileType = text.xcconfig; name = "Pods-Myanmar LensTests.release.xcconfig"; path = "Target Support Files/Pods-Myanmar LensTests/Pods-Myanmar LensTests.release.xcconfig"; sourceTree = "<group>"; };
		56692EC99886F7B3AE06AFB6 /* Pods-Myanmar LensUITests.release.xcconfig */ = {isa = PBXFileReference; includeInIndex = 1; lastKnownFileType = text.xcconfig; name = "Pods-Myanmar LensUITests.release.xcconfig"; path = "Target Support Files/Pods-Myanmar LensUITests/Pods-Myanmar LensUITests.release.xcconfig"; sourceTree = "<group>"; };
		737182E6736939A65D40D658 /* Pods_Myanmar_Lens.framework */ = {isa = PBXFileReference; explicitFileType = wrapper.framework; includeInIndex = 0; path = Pods_Myanmar_Lens.framework; sourceTree = BUILT_PRODUCTS_DIR; };
		7ACFDFB6E0463E876BACBFBA /* Pods-Myanmar Lens.debug.xcconfig */ = {isa = PBXFileReference; includeInIndex = 1; lastKnownFileType = text.xcconfig; name = "Pods-Myanmar Lens.debug.xcconfig"; path = "Target Support Files/Pods-Myanmar Lens/Pods-Myanmar Lens.debug.xcconfig"; sourceTree = "<group>"; };
		8669784314B53BD94C28DE0C /* Pods_Myanmar_LensUITests.framework */ = {isa = PBXFileReference; explicitFileType = wrapper.framework; includeInIndex = 0; path = Pods_Myanmar_LensUITests.framework; sourceTree = BUILT_PRODUCTS_DIR; };
		D82468C6CE10C28AA51F8429 /* Pods-Myanmar LensUITests.debug.xcconfig */ = {isa = PBXFileReference; includeInIndex = 1; lastKnownFileType = text.xcconfig; name = "Pods-Myanmar LensUITests.debug.xcconfig"; path = "Target Support Files/Pods-Myanmar LensUITests/Pods-Myanmar LensUITests.debug.xcconfig"; sourceTree = "<group>"; };
/* End PBXFileReference section */

/* Begin PBXFrameworksBuildPhase section */
		4750E33123845FE700438805 /* Frameworks */ = {
			isa = PBXFrameworksBuildPhase;
			buildActionMask = 2147483647;
			files = (
				E76431D774C884034BA997DC /* Pods_Myanmar_Lens.framework in Frameworks */,
			);
			runOnlyForDeploymentPostprocessing = 0;
		};
		4750E34A23845FEA00438805 /* Frameworks */ = {
			isa = PBXFrameworksBuildPhase;
			buildActionMask = 2147483647;
			files = (
				C7C7ACD29D5851286ED6B125 /* Pods_Myanmar_LensTests.framework in Frameworks */,
			);
			runOnlyForDeploymentPostprocessing = 0;
		};
		4750E35523845FEA00438805 /* Frameworks */ = {
			isa = PBXFrameworksBuildPhase;
			buildActionMask = 2147483647;
			files = (
				C0F911258808621C5FDD59BC /* Pods_Myanmar_LensUITests.framework in Frameworks */,
			);
			runOnlyForDeploymentPostprocessing = 0;
		};
/* End PBXFrameworksBuildPhase section */

/* Begin PBXGroup section */
		471E557423847F5400AB6A95 /* Database */ = {
			isa = PBXGroup;
			children = (
				471E557523847F6500AB6A95 /* PersistanceManager.swift */,
				4750E34023845FE700438805 /* Myanmar_Lens.xcdatamodeld */,
			);
			path = Database;
			sourceTree = "<group>";
		};
		4750E32B23845FE700438805 = {
			isa = PBXGroup;
			children = (
				4750E33623845FE700438805 /* Myanmar Lens */,
				4750E35023845FEA00438805 /* Myanmar LensTests */,
				4750E35B23845FEA00438805 /* Myanmar LensUITests */,
				4750E33523845FE700438805 /* Products */,
				9CECAB3ACD08126BE9322CBB /* Pods */,
				6BBE5D46262256D5390902F5 /* Frameworks */,
			);
			sourceTree = "<group>";
		};
		4750E33523845FE700438805 /* Products */ = {
			isa = PBXGroup;
			children = (
				4750E33423845FE700438805 /* Myanmar Lens.app */,
				4750E34D23845FEA00438805 /* Myanmar LensTests.xctest */,
				4750E35823845FEA00438805 /* Myanmar LensUITests.xctest */,
			);
			name = Products;
			sourceTree = "<group>";
		};
		4750E33623845FE700438805 /* Myanmar Lens */ = {
			isa = PBXGroup;
			children = (
				47E72C8923893284008210AF /* Models */,
				471E55B62384BC6E00AB6A95 /* ContentView.swift */,
				4750E36C2384602900438805 /* Controllers */,
				4750E36E2384604500438805 /* Managers */,
				4750E36F2384604B00438805 /* Helpers */,
				4750E36B2384600E00438805 /* App Delegates */,
				4750E36A2384600400438805 /* Resources */,
				4750E34823845FEA00438805 /* Info.plist */,
				471E557423847F5400AB6A95 /* Database */,
			);
			path = "Myanmar Lens";
			sourceTree = "<group>";
		};
		4750E35023845FEA00438805 /* Myanmar LensTests */ = {
			isa = PBXGroup;
			children = (
				4750E35123845FEA00438805 /* Myanmar_LensTests.swift */,
				4750E35323845FEA00438805 /* Info.plist */,
			);
			path = "Myanmar LensTests";
			sourceTree = "<group>";
		};
		4750E35B23845FEA00438805 /* Myanmar LensUITests */ = {
			isa = PBXGroup;
			children = (
				4750E35C23845FEA00438805 /* Myanmar_LensUITests.swift */,
				4750E35E23845FEA00438805 /* Info.plist */,
			);
			path = "Myanmar LensUITests";
			sourceTree = "<group>";
		};
		4750E36A2384600400438805 /* Resources */ = {
			isa = PBXGroup;
			children = (
				47E72C922389612C008210AF /* NanKhone Web Pro.ttf */,
				471E55B42384BB9700AB6A95 /* tessdata */,
				4750E34323845FEA00438805 /* Assets.xcassets */,
				4750E34523845FEA00438805 /* LaunchScreen.storyboard */,
			);
			path = Resources;
			sourceTree = "<group>";
		};
		4750E36B2384600E00438805 /* App Delegates */ = {
			isa = PBXGroup;
			children = (
				4750E33723845FE700438805 /* AppDelegate.swift */,
				4750E33923845FE700438805 /* SceneDelegate.swift */,
			);
			path = "App Delegates";
			sourceTree = "<group>";
		};
		4750E36C2384602900438805 /* Controllers */ = {
			isa = PBXGroup;
			children = (
				4750E37C2384689A00438805 /* MyanmarLensController.swift */,
				47E72C8C23893DEA008210AF /* MyanmaLensManager.swift */,
				47FBB2C523855B87007E2645 /* MyanmarLensView.swift */,
				47E72C9023895C99008210AF /* PaddingLabel.swift */,
			);
			path = Controllers;
			sourceTree = "<group>";
		};
		4750E36E2384604500438805 /* Managers */ = {
			isa = PBXGroup;
			children = (
				4750E37A2384660C00438805 /* RegexParser.swift */,
				4750E3772384660000438805 /* TextCorrect.json */,
				4750E3762384660000438805 /* TextCorrector.swift */,
				4750E3722384657200438805 /* MyMemoryTranslator.swift */,
				47E72C8E23895A51008210AF /* SoundManager.swift */,
			);
			path = Managers;
			sourceTree = "<group>";
		};
		4750E36F2384604B00438805 /* Helpers */ = {
			isa = PBXGroup;
			children = (
				4750E374238465CD00438805 /* Extensions.swift */,
			);
			path = Helpers;
			sourceTree = "<group>";
		};
		47E72C8923893284008210AF /* Models */ = {
			isa = PBXGroup;
			children = (
				47E72C8A23893292008210AF /* Language.swift */,
			);
			path = Models;
			sourceTree = "<group>";
		};
		6BBE5D46262256D5390902F5 /* Frameworks */ = {
			isa = PBXGroup;
			children = (
				737182E6736939A65D40D658 /* Pods_Myanmar_Lens.framework */,
				3DC35B9A3B68F296D815EC53 /* Pods_Myanmar_LensTests.framework */,
				8669784314B53BD94C28DE0C /* Pods_Myanmar_LensUITests.framework */,
			);
			name = Frameworks;
			sourceTree = "<group>";
		};
		9CECAB3ACD08126BE9322CBB /* Pods */ = {
			isa = PBXGroup;
			children = (
				7ACFDFB6E0463E876BACBFBA /* Pods-Myanmar Lens.debug.xcconfig */,
				040DF5B6FF4D0D114A2A4548 /* Pods-Myanmar Lens.release.xcconfig */,
				20565B653A3F1401DA2AB500 /* Pods-Myanmar LensTests.debug.xcconfig */,
				4F7FEBAFDF5FF466ABC49884 /* Pods-Myanmar LensTests.release.xcconfig */,
				D82468C6CE10C28AA51F8429 /* Pods-Myanmar LensUITests.debug.xcconfig */,
				56692EC99886F7B3AE06AFB6 /* Pods-Myanmar LensUITests.release.xcconfig */,
			);
			path = Pods;
			sourceTree = "<group>";
		};
/* End PBXGroup section */

/* Begin PBXNativeTarget section */
		4750E33323845FE700438805 /* Myanmar Lens */ = {
			isa = PBXNativeTarget;
			buildConfigurationList = 4750E36123845FEA00438805 /* Build configuration list for PBXNativeTarget "Myanmar Lens" */;
			buildPhases = (
				248BF43469F2A23544F1F881 /* [CP] Check Pods Manifest.lock */,
				4750E33023845FE700438805 /* Sources */,
				4750E33123845FE700438805 /* Frameworks */,
				4750E33223845FE700438805 /* Resources */,
				26F07B650BD978A6CA45D071 /* [CP] Embed Pods Frameworks */,
			);
			buildRules = (
			);
			dependencies = (
			);
			name = "Myanmar Lens";
			productName = "Myanmar Lens";
			productReference = 4750E33423845FE700438805 /* Myanmar Lens.app */;
			productType = "com.apple.product-type.application";
		};
		4750E34C23845FEA00438805 /* Myanmar LensTests */ = {
			isa = PBXNativeTarget;
			buildConfigurationList = 4750E36423845FEA00438805 /* Build configuration list for PBXNativeTarget "Myanmar LensTests" */;
			buildPhases = (
				FAFA40BE3A6666792D5C3DAC /* [CP] Check Pods Manifest.lock */,
				4750E34923845FEA00438805 /* Sources */,
				4750E34A23845FEA00438805 /* Frameworks */,
				4750E34B23845FEA00438805 /* Resources */,
			);
			buildRules = (
			);
			dependencies = (
				4750E34F23845FEA00438805 /* PBXTargetDependency */,
			);
			name = "Myanmar LensTests";
			productName = "Myanmar LensTests";
			productReference = 4750E34D23845FEA00438805 /* Myanmar LensTests.xctest */;
			productType = "com.apple.product-type.bundle.unit-test";
		};
		4750E35723845FEA00438805 /* Myanmar LensUITests */ = {
			isa = PBXNativeTarget;
			buildConfigurationList = 4750E36723845FEA00438805 /* Build configuration list for PBXNativeTarget "Myanmar LensUITests" */;
			buildPhases = (
				C21DF4C0EF12E0457316CA32 /* [CP] Check Pods Manifest.lock */,
				4750E35423845FEA00438805 /* Sources */,
				4750E35523845FEA00438805 /* Frameworks */,
				4750E35623845FEA00438805 /* Resources */,
			);
			buildRules = (
			);
			dependencies = (
				4750E35A23845FEA00438805 /* PBXTargetDependency */,
			);
			name = "Myanmar LensUITests";
			productName = "Myanmar LensUITests";
			productReference = 4750E35823845FEA00438805 /* Myanmar LensUITests.xctest */;
			productType = "com.apple.product-type.bundle.ui-testing";
		};
/* End PBXNativeTarget section */

/* Begin PBXProject section */
		4750E32C23845FE700438805 /* Project object */ = {
			isa = PBXProject;
			attributes = {
				LastSwiftUpdateCheck = 1120;
				LastUpgradeCheck = 1120;
				ORGANIZATIONNAME = "Aung Ko Min";
				TargetAttributes = {
					4750E33323845FE700438805 = {
						CreatedOnToolsVersion = 11.2.1;
					};
					4750E34C23845FEA00438805 = {
						CreatedOnToolsVersion = 11.2.1;
						TestTargetID = 4750E33323845FE700438805;
					};
					4750E35723845FEA00438805 = {
						CreatedOnToolsVersion = 11.2.1;
						TestTargetID = 4750E33323845FE700438805;
					};
				};
			};
			buildConfigurationList = 4750E32F23845FE700438805 /* Build configuration list for PBXProject "Myanmar Lens" */;
			compatibilityVersion = "Xcode 9.3";
			developmentRegion = en;
			hasScannedForEncodings = 0;
			knownRegions = (
				en,
				Base,
			);
			mainGroup = 4750E32B23845FE700438805;
			productRefGroup = 4750E33523845FE700438805 /* Products */;
			projectDirPath = "";
			projectRoot = "";
			targets = (
				4750E33323845FE700438805 /* Myanmar Lens */,
				4750E34C23845FEA00438805 /* Myanmar LensTests */,
				4750E35723845FEA00438805 /* Myanmar LensUITests */,
			);
		};
/* End PBXProject section */

/* Begin PBXResourcesBuildPhase section */
		4750E33223845FE700438805 /* Resources */ = {
			isa = PBXResourcesBuildPhase;
			buildActionMask = 2147483647;
			files = (
				4750E3792384660000438805 /* TextCorrect.json in Resources */,
				47E72C932389612C008210AF /* NanKhone Web Pro.ttf in Resources */,
				471E55B52384BB9700AB6A95 /* tessdata in Resources */,
				4750E34723845FEA00438805 /* LaunchScreen.storyboard in Resources */,
				4750E34423845FEA00438805 /* Assets.xcassets in Resources */,
			);
			runOnlyForDeploymentPostprocessing = 0;
		};
		4750E34B23845FEA00438805 /* Resources */ = {
			isa = PBXResourcesBuildPhase;
			buildActionMask = 2147483647;
			files = (
			);
			runOnlyForDeploymentPostprocessing = 0;
		};
		4750E35623845FEA00438805 /* Resources */ = {
			isa = PBXResourcesBuildPhase;
			buildActionMask = 2147483647;
			files = (
			);
			runOnlyForDeploymentPostprocessing = 0;
		};
/* End PBXResourcesBuildPhase section */

/* Begin PBXShellScriptBuildPhase section */
		248BF43469F2A23544F1F881 /* [CP] Check Pods Manifest.lock */ = {
			isa = PBXShellScriptBuildPhase;
			buildActionMask = 2147483647;
			files = (
			);
			inputFileListPaths = (
			);
			inputPaths = (
				"${PODS_PODFILE_DIR_PATH}/Podfile.lock",
				"${PODS_ROOT}/Manifest.lock",
			);
			name = "[CP] Check Pods Manifest.lock";
			outputFileListPaths = (
			);
			outputPaths = (
				"$(DERIVED_FILE_DIR)/Pods-Myanmar Lens-checkManifestLockResult.txt",
			);
			runOnlyForDeploymentPostprocessing = 0;
			shellPath = /bin/sh;
			shellScript = "diff \"${PODS_PODFILE_DIR_PATH}/Podfile.lock\" \"${PODS_ROOT}/Manifest.lock\" > /dev/null\nif [ $? != 0 ] ; then\n    # print error to STDERR\n    echo \"error: The sandbox is not in sync with the Podfile.lock. Run 'pod install' or update your CocoaPods installation.\" >&2\n    exit 1\nfi\n# This output is used by Xcode 'outputs' to avoid re-running this script phase.\necho \"SUCCESS\" > \"${SCRIPT_OUTPUT_FILE_0}\"\n";
			showEnvVarsInLog = 0;
		};
		26F07B650BD978A6CA45D071 /* [CP] Embed Pods Frameworks */ = {
			isa = PBXShellScriptBuildPhase;
			buildActionMask = 2147483647;
			files = (
			);
			inputFileListPaths = (
				"${PODS_ROOT}/Target Support Files/Pods-Myanmar Lens/Pods-Myanmar Lens-frameworks-${CONFIGURATION}-input-files.xcfilelist",
			);
			name = "[CP] Embed Pods Frameworks";
			outputFileListPaths = (
				"${PODS_ROOT}/Target Support Files/Pods-Myanmar Lens/Pods-Myanmar Lens-frameworks-${CONFIGURATION}-output-files.xcfilelist",
			);
			runOnlyForDeploymentPostprocessing = 0;
			shellPath = /bin/sh;
			shellScript = "\"${PODS_ROOT}/Target Support Files/Pods-Myanmar Lens/Pods-Myanmar Lens-frameworks.sh\"\n";
			showEnvVarsInLog = 0;
		};
		C21DF4C0EF12E0457316CA32 /* [CP] Check Pods Manifest.lock */ = {
			isa = PBXShellScriptBuildPhase;
			buildActionMask = 2147483647;
			files = (
			);
			inputFileListPaths = (
			);
			inputPaths = (
				"${PODS_PODFILE_DIR_PATH}/Podfile.lock",
				"${PODS_ROOT}/Manifest.lock",
			);
			name = "[CP] Check Pods Manifest.lock";
			outputFileListPaths = (
			);
			outputPaths = (
				"$(DERIVED_FILE_DIR)/Pods-Myanmar LensUITests-checkManifestLockResult.txt",
			);
			runOnlyForDeploymentPostprocessing = 0;
			shellPath = /bin/sh;
			shellScript = "diff \"${PODS_PODFILE_DIR_PATH}/Podfile.lock\" \"${PODS_ROOT}/Manifest.lock\" > /dev/null\nif [ $? != 0 ] ; then\n    # print error to STDERR\n    echo \"error: The sandbox is not in sync with the Podfile.lock. Run 'pod install' or update your CocoaPods installation.\" >&2\n    exit 1\nfi\n# This output is used by Xcode 'outputs' to avoid re-running this script phase.\necho \"SUCCESS\" > \"${SCRIPT_OUTPUT_FILE_0}\"\n";
			showEnvVarsInLog = 0;
		};
		FAFA40BE3A6666792D5C3DAC /* [CP] Check Pods Manifest.lock */ = {
			isa = PBXShellScriptBuildPhase;
			buildActionMask = 2147483647;
			files = (
			);
			inputFileListPaths = (
			);
			inputPaths = (
				"${PODS_PODFILE_DIR_PATH}/Podfile.lock",
				"${PODS_ROOT}/Manifest.lock",
			);
			name = "[CP] Check Pods Manifest.lock";
			outputFileListPaths = (
			);
			outputPaths = (
				"$(DERIVED_FILE_DIR)/Pods-Myanmar LensTests-checkManifestLockResult.txt",
			);
			runOnlyForDeploymentPostprocessing = 0;
			shellPath = /bin/sh;
			shellScript = "diff \"${PODS_PODFILE_DIR_PATH}/Podfile.lock\" \"${PODS_ROOT}/Manifest.lock\" > /dev/null\nif [ $? != 0 ] ; then\n    # print error to STDERR\n    echo \"error: The sandbox is not in sync with the Podfile.lock. Run 'pod install' or update your CocoaPods installation.\" >&2\n    exit 1\nfi\n# This output is used by Xcode 'outputs' to avoid re-running this script phase.\necho \"SUCCESS\" > \"${SCRIPT_OUTPUT_FILE_0}\"\n";
			showEnvVarsInLog = 0;
		};
/* End PBXShellScriptBuildPhase section */

/* Begin PBXSourcesBuildPhase section */
		4750E33023845FE700438805 /* Sources */ = {
			isa = PBXSourcesBuildPhase;
			buildActionMask = 2147483647;
			files = (
				4750E37D2384689A00438805 /* MyanmarLensController.swift in Sources */,
				471E55B72384BC6E00AB6A95 /* ContentView.swift in Sources */,
				4750E375238465CD00438805 /* Extensions.swift in Sources */,
				4750E33823845FE700438805 /* AppDelegate.swift in Sources */,
				4750E33A23845FE700438805 /* SceneDelegate.swift in Sources */,
				47E72C8F23895A51008210AF /* SoundManager.swift in Sources */,
				47E72C9123895C99008210AF /* PaddingLabel.swift in Sources */,
				471E557623847F6500AB6A95 /* PersistanceManager.swift in Sources */,
				47FBB2C623855B87007E2645 /* MyanmarLensView.swift in Sources */,
				4750E37B2384660C00438805 /* RegexParser.swift in Sources */,
				4750E3782384660000438805 /* TextCorrector.swift in Sources */,
				47E72C8B23893292008210AF /* Language.swift in Sources */,
				4750E3732384657200438805 /* MyMemoryTranslator.swift in Sources */,
				4750E34223845FE700438805 /* Myanmar_Lens.xcdatamodeld in Sources */,
				47E72C8D23893DEA008210AF /* MyanmaLensManager.swift in Sources */,
			);
			runOnlyForDeploymentPostprocessing = 0;
		};
		4750E34923845FEA00438805 /* Sources */ = {
			isa = PBXSourcesBuildPhase;
			buildActionMask = 2147483647;
			files = (
				4750E35223845FEA00438805 /* Myanmar_LensTests.swift in Sources */,
			);
			runOnlyForDeploymentPostprocessing = 0;
		};
		4750E35423845FEA00438805 /* Sources */ = {
			isa = PBXSourcesBuildPhase;
			buildActionMask = 2147483647;
			files = (
				4750E35D23845FEA00438805 /* Myanmar_LensUITests.swift in Sources */,
			);
			runOnlyForDeploymentPostprocessing = 0;
		};
/* End PBXSourcesBuildPhase section */

/* Begin PBXTargetDependency section */
		4750E34F23845FEA00438805 /* PBXTargetDependency */ = {
			isa = PBXTargetDependency;
			target = 4750E33323845FE700438805 /* Myanmar Lens */;
			targetProxy = 4750E34E23845FEA00438805 /* PBXContainerItemProxy */;
		};
		4750E35A23845FEA00438805 /* PBXTargetDependency */ = {
			isa = PBXTargetDependency;
			target = 4750E33323845FE700438805 /* Myanmar Lens */;
			targetProxy = 4750E35923845FEA00438805 /* PBXContainerItemProxy */;
		};
/* End PBXTargetDependency section */

/* Begin PBXVariantGroup section */
		4750E34523845FEA00438805 /* LaunchScreen.storyboard */ = {
			isa = PBXVariantGroup;
			children = (
				4750E34623845FEA00438805 /* Base */,
			);
			name = LaunchScreen.storyboard;
			sourceTree = "<group>";
		};
/* End PBXVariantGroup section */

/* Begin XCBuildConfiguration section */
		4750E35F23845FEA00438805 /* Debug */ = {
			isa = XCBuildConfiguration;
			buildSettings = {
				ALWAYS_SEARCH_USER_PATHS = NO;
				CLANG_ANALYZER_NONNULL = YES;
				CLANG_ANALYZER_NUMBER_OBJECT_CONVERSION = YES_AGGRESSIVE;
				CLANG_CXX_LANGUAGE_STANDARD = "gnu++14";
				CLANG_CXX_LIBRARY = "libc++";
				CLANG_ENABLE_MODULES = YES;
				CLANG_ENABLE_OBJC_ARC = YES;
				CLANG_ENABLE_OBJC_WEAK = YES;
				CLANG_WARN_BLOCK_CAPTURE_AUTORELEASING = YES;
				CLANG_WARN_BOOL_CONVERSION = YES;
				CLANG_WARN_COMMA = YES;
				CLANG_WARN_CONSTANT_CONVERSION = YES;
				CLANG_WARN_DEPRECATED_OBJC_IMPLEMENTATIONS = YES;
				CLANG_WARN_DIRECT_OBJC_ISA_USAGE = YES_ERROR;
				CLANG_WARN_DOCUMENTATION_COMMENTS = YES;
				CLANG_WARN_EMPTY_BODY = YES;
				CLANG_WARN_ENUM_CONVERSION = YES;
				CLANG_WARN_INFINITE_RECURSION = YES;
				CLANG_WARN_INT_CONVERSION = YES;
				CLANG_WARN_NON_LITERAL_NULL_CONVERSION = YES;
				CLANG_WARN_OBJC_IMPLICIT_RETAIN_SELF = YES;
				CLANG_WARN_OBJC_LITERAL_CONVERSION = YES;
				CLANG_WARN_OBJC_ROOT_CLASS = YES_ERROR;
				CLANG_WARN_RANGE_LOOP_ANALYSIS = YES;
				CLANG_WARN_STRICT_PROTOTYPES = YES;
				CLANG_WARN_SUSPICIOUS_MOVE = YES;
				CLANG_WARN_UNGUARDED_AVAILABILITY = YES_AGGRESSIVE;
				CLANG_WARN_UNREACHABLE_CODE = YES;
				CLANG_WARN__DUPLICATE_METHOD_MATCH = YES;
				COPY_PHASE_STRIP = NO;
				DEBUG_INFORMATION_FORMAT = dwarf;
				ENABLE_STRICT_OBJC_MSGSEND = YES;
				ENABLE_TESTABILITY = YES;
				GCC_C_LANGUAGE_STANDARD = gnu11;
				GCC_DYNAMIC_NO_PIC = NO;
				GCC_NO_COMMON_BLOCKS = YES;
				GCC_OPTIMIZATION_LEVEL = 0;
				GCC_PREPROCESSOR_DEFINITIONS = (
					"DEBUG=1",
					"$(inherited)",
				);
				GCC_WARN_64_TO_32_BIT_CONVERSION = YES;
				GCC_WARN_ABOUT_RETURN_TYPE = YES_ERROR;
				GCC_WARN_UNDECLARED_SELECTOR = YES;
				GCC_WARN_UNINITIALIZED_AUTOS = YES_AGGRESSIVE;
				GCC_WARN_UNUSED_FUNCTION = YES;
				GCC_WARN_UNUSED_VARIABLE = YES;
				IPHONEOS_DEPLOYMENT_TARGET = 13.2;
				MTL_ENABLE_DEBUG_INFO = INCLUDE_SOURCE;
				MTL_FAST_MATH = YES;
				ONLY_ACTIVE_ARCH = YES;
				SDKROOT = iphoneos;
				SWIFT_ACTIVE_COMPILATION_CONDITIONS = DEBUG;
				SWIFT_OPTIMIZATION_LEVEL = "-Onone";
			};
			name = Debug;
		};
		4750E36023845FEA00438805 /* Release */ = {
			isa = XCBuildConfiguration;
			buildSettings = {
				ALWAYS_SEARCH_USER_PATHS = NO;
				CLANG_ANALYZER_NONNULL = YES;
				CLANG_ANALYZER_NUMBER_OBJECT_CONVERSION = YES_AGGRESSIVE;
				CLANG_CXX_LANGUAGE_STANDARD = "gnu++14";
				CLANG_CXX_LIBRARY = "libc++";
				CLANG_ENABLE_MODULES = YES;
				CLANG_ENABLE_OBJC_ARC = YES;
				CLANG_ENABLE_OBJC_WEAK = YES;
				CLANG_WARN_BLOCK_CAPTURE_AUTORELEASING = YES;
				CLANG_WARN_BOOL_CONVERSION = YES;
				CLANG_WARN_COMMA = YES;
				CLANG_WARN_CONSTANT_CONVERSION = YES;
				CLANG_WARN_DEPRECATED_OBJC_IMPLEMENTATIONS = YES;
				CLANG_WARN_DIRECT_OBJC_ISA_USAGE = YES_ERROR;
				CLANG_WARN_DOCUMENTATION_COMMENTS = YES;
				CLANG_WARN_EMPTY_BODY = YES;
				CLANG_WARN_ENUM_CONVERSION = YES;
				CLANG_WARN_INFINITE_RECURSION = YES;
				CLANG_WARN_INT_CONVERSION = YES;
				CLANG_WARN_NON_LITERAL_NULL_CONVERSION = YES;
				CLANG_WARN_OBJC_IMPLICIT_RETAIN_SELF = YES;
				CLANG_WARN_OBJC_LITERAL_CONVERSION = YES;
				CLANG_WARN_OBJC_ROOT_CLASS = YES_ERROR;
				CLANG_WARN_RANGE_LOOP_ANALYSIS = YES;
				CLANG_WARN_STRICT_PROTOTYPES = YES;
				CLANG_WARN_SUSPICIOUS_MOVE = YES;
				CLANG_WARN_UNGUARDED_AVAILABILITY = YES_AGGRESSIVE;
				CLANG_WARN_UNREACHABLE_CODE = YES;
				CLANG_WARN__DUPLICATE_METHOD_MATCH = YES;
				COPY_PHASE_STRIP = NO;
				DEBUG_INFORMATION_FORMAT = "dwarf-with-dsym";
				ENABLE_NS_ASSERTIONS = NO;
				ENABLE_STRICT_OBJC_MSGSEND = YES;
				GCC_C_LANGUAGE_STANDARD = gnu11;
				GCC_NO_COMMON_BLOCKS = YES;
				GCC_WARN_64_TO_32_BIT_CONVERSION = YES;
				GCC_WARN_ABOUT_RETURN_TYPE = YES_ERROR;
				GCC_WARN_UNDECLARED_SELECTOR = YES;
				GCC_WARN_UNINITIALIZED_AUTOS = YES_AGGRESSIVE;
				GCC_WARN_UNUSED_FUNCTION = YES;
				GCC_WARN_UNUSED_VARIABLE = YES;
				IPHONEOS_DEPLOYMENT_TARGET = 13.2;
				MTL_ENABLE_DEBUG_INFO = NO;
				MTL_FAST_MATH = YES;
				SDKROOT = iphoneos;
				SWIFT_COMPILATION_MODE = wholemodule;
				SWIFT_OPTIMIZATION_LEVEL = "-O";
				VALIDATE_PRODUCT = YES;
			};
			name = Release;
		};
		4750E36223845FEA00438805 /* Debug */ = {
			isa = XCBuildConfiguration;
			baseConfigurationReference = 7ACFDFB6E0463E876BACBFBA /* Pods-Myanmar Lens.debug.xcconfig */;
			buildSettings = {
				ASSETCATALOG_COMPILER_APPICON_NAME = AppIcon;
				CODE_SIGN_STYLE = Automatic;
				DEVELOPMENT_TEAM = HJ9L53D9PB;
				INFOPLIST_FILE = "Myanmar Lens/Info.plist";
				LD_RUNPATH_SEARCH_PATHS = (
					"$(inherited)",
					"@executable_path/Frameworks",
				);
				PRODUCT_BUNDLE_IDENTIFIER = "com.jonahaung.Myanmar-Lens";
				PRODUCT_NAME = "$(TARGET_NAME)";
				SWIFT_VERSION = 5.0;
				TARGETED_DEVICE_FAMILY = "1,2";
			};
			name = Debug;
		};
		4750E36323845FEA00438805 /* Release */ = {
			isa = XCBuildConfiguration;
			baseConfigurationReference = 040DF5B6FF4D0D114A2A4548 /* Pods-Myanmar Lens.release.xcconfig */;
			buildSettings = {
				ASSETCATALOG_COMPILER_APPICON_NAME = AppIcon;
				CODE_SIGN_STYLE = Automatic;
				DEVELOPMENT_TEAM = HJ9L53D9PB;
				INFOPLIST_FILE = "Myanmar Lens/Info.plist";
				LD_RUNPATH_SEARCH_PATHS = (
					"$(inherited)",
					"@executable_path/Frameworks",
				);
				PRODUCT_BUNDLE_IDENTIFIER = "com.jonahaung.Myanmar-Lens";
				PRODUCT_NAME = "$(TARGET_NAME)";
				SWIFT_VERSION = 5.0;
				TARGETED_DEVICE_FAMILY = "1,2";
			};
			name = Release;
		};
		4750E36523845FEA00438805 /* Debug */ = {
			isa = XCBuildConfiguration;
			baseConfigurationReference = 20565B653A3F1401DA2AB500 /* Pods-Myanmar LensTests.debug.xcconfig */;
			buildSettings = {
				ALWAYS_EMBED_SWIFT_STANDARD_LIBRARIES = YES;
				BUNDLE_LOADER = "$(TEST_HOST)";
				CODE_SIGN_STYLE = Automatic;
				DEVELOPMENT_TEAM = HJ9L53D9PB;
				INFOPLIST_FILE = "Myanmar LensTests/Info.plist";
				IPHONEOS_DEPLOYMENT_TARGET = 13.2;
				LD_RUNPATH_SEARCH_PATHS = (
					"$(inherited)",
					"@executable_path/Frameworks",
					"@loader_path/Frameworks",
				);
				PRODUCT_BUNDLE_IDENTIFIER = "com.jonahaung.Myanmar-LensTests";
				PRODUCT_NAME = "$(TARGET_NAME)";
				SWIFT_VERSION = 5.0;
				TARGETED_DEVICE_FAMILY = "1,2";
				TEST_HOST = "$(BUILT_PRODUCTS_DIR)/Myanmar Lens.app/Myanmar Lens";
			};
			name = Debug;
		};
		4750E36623845FEA00438805 /* Release */ = {
			isa = XCBuildConfiguration;
			baseConfigurationReference = 4F7FEBAFDF5FF466ABC49884 /* Pods-Myanmar LensTests.release.xcconfig */;
			buildSettings = {
				ALWAYS_EMBED_SWIFT_STANDARD_LIBRARIES = YES;
				BUNDLE_LOADER = "$(TEST_HOST)";
				CODE_SIGN_STYLE = Automatic;
				DEVELOPMENT_TEAM = HJ9L53D9PB;
				INFOPLIST_FILE = "Myanmar LensTests/Info.plist";
				IPHONEOS_DEPLOYMENT_TARGET = 13.2;
				LD_RUNPATH_SEARCH_PATHS = (
					"$(inherited)",
					"@executable_path/Frameworks",
					"@loader_path/Frameworks",
				);
				PRODUCT_BUNDLE_IDENTIFIER = "com.jonahaung.Myanmar-LensTests";
				PRODUCT_NAME = "$(TARGET_NAME)";
				SWIFT_VERSION = 5.0;
				TARGETED_DEVICE_FAMILY = "1,2";
				TEST_HOST = "$(BUILT_PRODUCTS_DIR)/Myanmar Lens.app/Myanmar Lens";
			};
			name = Release;
		};
		4750E36823845FEA00438805 /* Debug */ = {
			isa = XCBuildConfiguration;
			baseConfigurationReference = D82468C6CE10C28AA51F8429 /* Pods-Myanmar LensUITests.debug.xcconfig */;
			buildSettings = {
				ALWAYS_EMBED_SWIFT_STANDARD_LIBRARIES = YES;
				CODE_SIGN_STYLE = Automatic;
				DEVELOPMENT_TEAM = HJ9L53D9PB;
				INFOPLIST_FILE = "Myanmar LensUITests/Info.plist";
				LD_RUNPATH_SEARCH_PATHS = (
					"$(inherited)",
					"@executable_path/Frameworks",
					"@loader_path/Frameworks",
				);
				PRODUCT_BUNDLE_IDENTIFIER = "com.jonahaung.Myanmar-LensUITests";
				PRODUCT_NAME = "$(TARGET_NAME)";
				SWIFT_VERSION = 5.0;
				TARGETED_DEVICE_FAMILY = "1,2";
				TEST_TARGET_NAME = "Myanmar Lens";
			};
			name = Debug;
		};
		4750E36923845FEA00438805 /* Release */ = {
			isa = XCBuildConfiguration;
			baseConfigurationReference = 56692EC99886F7B3AE06AFB6 /* Pods-Myanmar LensUITests.release.xcconfig */;
			buildSettings = {
				ALWAYS_EMBED_SWIFT_STANDARD_LIBRARIES = YES;
				CODE_SIGN_STYLE = Automatic;
				DEVELOPMENT_TEAM = HJ9L53D9PB;
				INFOPLIST_FILE = "Myanmar LensUITests/Info.plist";
				LD_RUNPATH_SEARCH_PATHS = (
					"$(inherited)",
					"@executable_path/Frameworks",
					"@loader_path/Frameworks",
				);
				PRODUCT_BUNDLE_IDENTIFIER = "com.jonahaung.Myanmar-LensUITests";
				PRODUCT_NAME = "$(TARGET_NAME)";
				SWIFT_VERSION = 5.0;
				TARGETED_DEVICE_FAMILY = "1,2";
				TEST_TARGET_NAME = "Myanmar Lens";
			};
			name = Release;
		};
/* End XCBuildConfiguration section */

/* Begin XCConfigurationList section */
		4750E32F23845FE700438805 /* Build configuration list for PBXProject "Myanmar Lens" */ = {
			isa = XCConfigurationList;
			buildConfigurations = (
				4750E35F23845FEA00438805 /* Debug */,
				4750E36023845FEA00438805 /* Release */,
			);
			defaultConfigurationIsVisible = 0;
			defaultConfigurationName = Release;
		};
		4750E36123845FEA00438805 /* Build configuration list for PBXNativeTarget "Myanmar Lens" */ = {
			isa = XCConfigurationList;
			buildConfigurations = (
				4750E36223845FEA00438805 /* Debug */,
				4750E36323845FEA00438805 /* Release */,
			);
			defaultConfigurationIsVisible = 0;
			defaultConfigurationName = Release;
		};
		4750E36423845FEA00438805 /* Build configuration list for PBXNativeTarget "Myanmar LensTests" */ = {
			isa = XCConfigurationList;
			buildConfigurations = (
				4750E36523845FEA00438805 /* Debug */,
				4750E36623845FEA00438805 /* Release */,
			);
			defaultConfigurationIsVisible = 0;
			defaultConfigurationName = Release;
		};
		4750E36723845FEA00438805 /* Build configuration list for PBXNativeTarget "Myanmar LensUITests" */ = {
			isa = XCConfigurationList;
			buildConfigurations = (
				4750E36823845FEA00438805 /* Debug */,
				4750E36923845FEA00438805 /* Release */,
			);
			defaultConfigurationIsVisible = 0;
			defaultConfigurationName = Release;
		};
/* End XCConfigurationList section */

/* Begin XCVersionGroup section */
		4750E34023845FE700438805 /* Myanmar_Lens.xcdatamodeld */ = {
			isa = XCVersionGroup;
			children = (
				4750E34123845FE700438805 /* Myanmar_Lens.xcdatamodel */,
			);
			currentVersion = 4750E34123845FE700438805 /* Myanmar_Lens.xcdatamodel */;
			path = Myanmar_Lens.xcdatamodeld;
			sourceTree = "<group>";
			versionGroupType = wrapper.xcdatamodel;
		};
/* End XCVersionGroup section */
	};
	rootObject = 4750E32C23845FE700438805 /* Project object */;
}
